
Microsoft Visual Studio Solution File, Format Version 12.00
# Visual Studio Version 17
VisualStudioVersion = 17.8.34309.116
MinimumVisualStudioVersion = 10.0.40219.1
Project("{FAE04EC0-301F-11D3-BF4B-00C04F79EFBC}") = "ContactsApp", "ContactsApp\ContactsApp.csproj", "{26B7E09E-1456-4A13-A432-010BF86A1A33}"
EndProject
Project("{FAE04EC0-301F-11D3-BF4B-00C04F79EFBC}") = "ContactsAppUI", "ContactsAppUI\ContactsAppUI.csproj", "{249DA2AB-31CD-43AE-886B-F91296FEC280}"
EndProject
Global
	GlobalSection(SolutionConfigurationPlatforms) = preSolution
		Debug|Any CPU = Debug|Any CPU
		Release|Any CPU = Release|Any CPU
	EndGlobalSection
	GlobalSection(ProjectConfigurationPlatforms) = postSolution
		{26B7E09E-1456-4A13-A432-010BF86A1A33}.Debug|Any CPU.ActiveCfg = Debug|Any CPU
		{26B7E09E-1456-4A13-A432-010BF86A1A33}.Debug|Any CPU.Build.0 = Debug|Any CPU
		{26B7E09E-1456-4A13-A432-010BF86A1A33}.Release|Any CPU.ActiveCfg = Release|Any CPU
		{26B7E09E-1456-4A13-A432-010BF86A1A33}.Release|Any CPU.Build.0 = Release|Any CPU
		{249DA2AB-31CD-43AE-886B-F91296FEC280}.Debug|Any CPU.ActiveCfg = Debug|Any CPU
		{249DA2AB-31CD-43AE-886B-F91296FEC280}.Debug|Any CPU.Build.0 = Debug|Any CPU
		{249DA2AB-31CD-43AE-886B-F91296FEC280}.Release|Any CPU.ActiveCfg = Release|Any CPU
		{249DA2AB-31CD-43AE-886B-F91296FEC280}.Release|Any CPU.Build.0 = Release|Any CPU
	EndGlobalSection
	GlobalSection(SolutionProperties) = preSolution
		HideSolutionNode = FALSE
	EndGlobalSection
	GlobalSection(ExtensibilityGlobals) = postSolution
		SolutionGuid = {1B980B7D-186B-4117-8E6D-A6C01F6FDA2A}
	EndGlobalSection
EndGlobal
